
Microsoft Visual Studio Solution File, Format Version 12.00
# Visual Studio 15
VisualStudioVersion = 15.0.34526.175
MinimumVisualStudioVersion = 10.0.40219.1
Project("{FAE04EC0-301F-11D3-BF4B-00C04F79EFBC}") = "FolderGraph", "FolderGraph\FolderGraph.csproj", "{762924A1-B641-4C72-A91E-D134F594C4FB}"
EndProject
Global
	GlobalSection(SolutionConfigurationPlatforms) = preSolution
		Debug|Any CPU = Debug|Any CPU
		Release|Any CPU = Release|Any CPU
	EndGlobalSection
	GlobalSection(ProjectConfigurationPlatforms) = postSolution
		{762924A1-B641-4C72-A91E-D134F594C4FB}.Debug|Any CPU.ActiveCfg = Debug|Any CPU
		{762924A1-B641-4C72-A91E-D134F594C4FB}.Debug|Any CPU.Build.0 = Debug|Any CPU
		{762924A1-B641-4C72-A91E-D134F594C4FB}.Release|Any CPU.ActiveCfg = Release|Any CPU
		{762924A1-B641-4C72-A91E-D134F594C4FB}.Release|Any CPU.Build.0 = Release|Any CPU
	EndGlobalSection
	GlobalSection(SolutionProperties) = preSolution
		HideSolutionNode = FALSE
	EndGlobalSection
	GlobalSection(ExtensibilityGlobals) = postSolution
		SolutionGuid = {F34B93E1-C4E5-4F78-A4DC-AF19B36C8E9C}
	EndGlobalSection
EndGlobal
